
Microsoft Visual Studio Solution File, Format Version 12.00
# Visual Studio Version 17
VisualStudioVersion = 17.13.35913.81 d17.13
MinimumVisualStudioVersion = 10.0.40219.1
Project("{FAE04EC0-301F-11D3-BF4B-00C04F79EFBC}") = "DesignPatternSampleSolution", "DesignPatternSampleSolution\DesignPatternSampleSolution.csproj", "{C78B4605-921C-4946-A29F-D844177BBF09}"
EndProject
Global
	GlobalSection(SolutionConfigurationPlatforms) = preSolution
		Debug|Any CPU = Debug|Any CPU
		Release|Any CPU = Release|Any CPU
	EndGlobalSection
	GlobalSection(ProjectConfigurationPlatforms) = postSolution
		{C78B4605-921C-4946-A29F-D844177BBF09}.Debug|Any CPU.ActiveCfg = Debug|Any CPU
		{C78B4605-921C-4946-A29F-D844177BBF09}.Debug|Any CPU.Build.0 = Debug|Any CPU
		{C78B4605-921C-4946-A29F-D844177BBF09}.Release|Any CPU.ActiveCfg = Release|Any CPU
		{C78B4605-921C-4946-A29F-D844177BBF09}.Release|Any CPU.Build.0 = Release|Any CPU
	EndGlobalSection
	GlobalSection(SolutionProperties) = preSolution
		HideSolutionNode = FALSE
	EndGlobalSection
	GlobalSection(ExtensibilityGlobals) = postSolution
		SolutionGuid = {4C242558-AC25-4631-B02C-20C3C55A2393}
	EndGlobalSection
EndGlobal
